
Microsoft Visual Studio Solution File, Format Version 12.00
# Visual Studio 15
VisualStudioVersion = 15.0.27428.2037
MinimumVisualStudioVersion = 10.0.40219.1
Project("{FAE04EC0-301F-11D3-BF4B-00C04F79EFBC}") = "MvcApp", "MvcApp\MvcApp.csproj", "{B89D2E4C-1471-4F83-B3CE-242C619FEC37}"
EndProject
Global
	GlobalSection(SolutionConfigurationPlatforms) = preSolution
		Debug|Any CPU = Debug|Any CPU
		Release|Any CPU = Release|Any CPU
	EndGlobalSection
	GlobalSection(ProjectConfigurationPlatforms) = postSolution
		{B89D2E4C-1471-4F83-B3CE-242C619FEC37}.Debug|Any CPU.ActiveCfg = Debug|Any CPU
		{B89D2E4C-1471-4F83-B3CE-242C619FEC37}.Debug|Any CPU.Build.0 = Debug|Any CPU
		{B89D2E4C-1471-4F83-B3CE-242C619FEC37}.Release|Any CPU.ActiveCfg = Release|Any CPU
		{B89D2E4C-1471-4F83-B3CE-242C619FEC37}.Release|Any CPU.Build.0 = Release|Any CPU
	EndGlobalSection
	GlobalSection(SolutionProperties) = preSolution
		HideSolutionNode = FALSE
	EndGlobalSection
	GlobalSection(ExtensibilityGlobals) = postSolution
		SolutionGuid = {C699B718-0E18-4CBC-8DC0-D58BD4BD819A}
	EndGlobalSection
EndGlobal
